
Microsoft Visual Studio Solution File, Format Version 12.00
# Visual Studio Version 17
VisualStudioVersion = 17.6.33829.357
MinimumVisualStudioVersion = 10.0.40219.1
Project("{9A19103F-16F7-4668-BE54-9A1E7A4F7556}") = "FoodiePal.Client", "FoodiePal\Client\FoodiePal.Client.csproj", "{68563C6C-D7E6-454E-B05C-524A7FB7BB1B}"
EndProject
Project("{9A19103F-16F7-4668-BE54-9A1E7A4F7556}") = "FoodiePal.Server", "FoodiePal\Server\FoodiePal.Server.csproj", "{D42E7501-B398-4E06-9E70-1C93261A001B}"
EndProject
Project("{9A19103F-16F7-4668-BE54-9A1E7A4F7556}") = "FoodiePal.Shared", "FoodiePal\Shared\FoodiePal.Shared.csproj", "{895BE80E-A345-4A57-8E2F-8F3460851262}"
EndProject
Global
	GlobalSection(SolutionConfigurationPlatforms) = preSolution
		Debug|Any CPU = Debug|Any CPU
		Release|Any CPU = Release|Any CPU
	EndGlobalSection
	GlobalSection(ProjectConfigurationPlatforms) = postSolution
		{68563C6C-D7E6-454E-B05C-524A7FB7BB1B}.Debug|Any CPU.ActiveCfg = Debug|Any CPU
		{68563C6C-D7E6-454E-B05C-524A7FB7BB1B}.Debug|Any CPU.Build.0 = Debug|Any CPU
		{68563C6C-D7E6-454E-B05C-524A7FB7BB1B}.Release|Any CPU.ActiveCfg = Release|Any CPU
		{68563C6C-D7E6-454E-B05C-524A7FB7BB1B}.Release|Any CPU.Build.0 = Release|Any CPU
		{D42E7501-B398-4E06-9E70-1C93261A001B}.Debug|Any CPU.ActiveCfg = Debug|Any CPU
		{D42E7501-B398-4E06-9E70-1C93261A001B}.Debug|Any CPU.Build.0 = Debug|Any CPU
		{D42E7501-B398-4E06-9E70-1C93261A001B}.Release|Any CPU.ActiveCfg = Release|Any CPU
		{D42E7501-B398-4E06-9E70-1C93261A001B}.Release|Any CPU.Build.0 = Release|Any CPU
		{895BE80E-A345-4A57-8E2F-8F3460851262}.Debug|Any CPU.ActiveCfg = Debug|Any CPU
		{895BE80E-A345-4A57-8E2F-8F3460851262}.Debug|Any CPU.Build.0 = Debug|Any CPU
		{895BE80E-A345-4A57-8E2F-8F3460851262}.Release|Any CPU.ActiveCfg = Release|Any CPU
		{895BE80E-A345-4A57-8E2F-8F3460851262}.Release|Any CPU.Build.0 = Release|Any CPU
	EndGlobalSection
	GlobalSection(SolutionProperties) = preSolution
		HideSolutionNode = FALSE
	EndGlobalSection
	GlobalSection(ExtensibilityGlobals) = postSolution
		SolutionGuid = {FE6C8726-C17F-4C2C-8896-9BB0380BAE81}
	EndGlobalSection
EndGlobal
